// !$*UTF8*$!
{
	archiveVersion = 1;
	classes = {
	};
	objectVersion = 55;
	objects = {

/* Begin PBXBuildFile section */
		DC686A692836A8B100414DCF /* AppDelegate.swift in Sources */ = {isa = PBXBuildFile; fileRef = DC686A682836A8B100414DCF /* AppDelegate.swift */; };
		DC686A6B2836A8B100414DCF /* SceneDelegate.swift in Sources */ = {isa = PBXBuildFile; fileRef = DC686A6A2836A8B100414DCF /* SceneDelegate.swift */; };
		DC686A6D2836A8B100414DCF /* ViewController.swift in Sources */ = {isa = PBXBuildFile; fileRef = DC686A6C2836A8B100414DCF /* ViewController.swift */; };
		DC686A702836A8B100414DCF /* Main.storyboard in Resources */ = {isa = PBXBuildFile; fileRef = DC686A6E2836A8B100414DCF /* Main.storyboard */; };
		DC686A722836A8B200414DCF /* Assets.xcassets in Resources */ = {isa = PBXBuildFile; fileRef = DC686A712836A8B200414DCF /* Assets.xcassets */; };
		DC686A752836A8B200414DCF /* LaunchScreen.storyboard in Resources */ = {isa = PBXBuildFile; fileRef = DC686A732836A8B200414DCF /* LaunchScreen.storyboard */; };
		DC686A872836AC7E00414DCF /* nssl0049.jpg in Resources */ = {isa = PBXBuildFile; fileRef = DC686A7D2836AC7E00414DCF /* nssl0049.jpg */; };
		DC686A882836AC7E00414DCF /* nssl0041.jpg in Resources */ = {isa = PBXBuildFile; fileRef = DC686A7E2836AC7E00414DCF /* nssl0041.jpg */; };
		DC686A892836AC7E00414DCF /* nssl0051.jpg in Resources */ = {isa = PBXBuildFile; fileRef = DC686A7F2836AC7E00414DCF /* nssl0051.jpg */; };
		DC686A8A2836AC7E00414DCF /* nssl0091.jpg in Resources */ = {isa = PBXBuildFile; fileRef = DC686A802836AC7E00414DCF /* nssl0091.jpg */; };
		DC686A8B2836AC7E00414DCF /* nssl0045.jpg in Resources */ = {isa = PBXBuildFile; fileRef = DC686A812836AC7E00414DCF /* nssl0045.jpg */; };
		DC686A8C2836AC7E00414DCF /* nssl0042.jpg in Resources */ = {isa = PBXBuildFile; fileRef = DC686A822836AC7E00414DCF /* nssl0042.jpg */; };
		DC686A8D2836AC7E00414DCF /* nssl0034.jpg in Resources */ = {isa = PBXBuildFile; fileRef = DC686A832836AC7E00414DCF /* nssl0034.jpg */; };
		DC686A8E2836AC7E00414DCF /* nssl0033.jpg in Resources */ = {isa = PBXBuildFile; fileRef = DC686A842836AC7E00414DCF /* nssl0033.jpg */; };
		DC686A8F2836AC7E00414DCF /* nssl0043.jpg in Resources */ = {isa = PBXBuildFile; fileRef = DC686A852836AC7E00414DCF /* nssl0043.jpg */; };
		DC686A902836AC7E00414DCF /* nssl0046.jpg in Resources */ = {isa = PBXBuildFile; fileRef = DC686A862836AC7E00414DCF /* nssl0046.jpg */; };
/* End PBXBuildFile section */

/* Begin PBXFileReference section */
		DC686A652836A8B100414DCF /* Stormy.app */ = {isa = PBXFileReference; explicitFileType = wrapper.application; includeInIndex = 0; path = Stormy.app; sourceTree = BUILT_PRODUCTS_DIR; };
		DC686A682836A8B100414DCF /* AppDelegate.swift */ = {isa = PBXFileReference; lastKnownFileType = sourcecode.swift; path = AppDelegate.swift; sourceTree = "<group>"; };
		DC686A6A2836A8B100414DCF /* SceneDelegate.swift */ = {isa = PBXFileReference; lastKnownFileType = sourcecode.swift; path = SceneDelegate.swift; sourceTree = "<group>"; };
		DC686A6C2836A8B100414DCF /* ViewController.swift */ = {isa = PBXFileReference; lastKnownFileType = sourcecode.swift; path = ViewController.swift; sourceTree = "<group>"; };
		DC686A6F2836A8B100414DCF /* Base */ = {isa = PBXFileReference; lastKnownFileType = file.storyboard; name = Base; path = Base.lproj/Main.storyboard; sourceTree = "<group>"; };
		DC686A712836A8B200414DCF /* Assets.xcassets */ = {isa = PBXFileReference; lastKnownFileType = folder.assetcatalog; path = Assets.xcassets; sourceTree = "<group>"; };
		DC686A742836A8B200414DCF /* Base */ = {isa = PBXFileReference; lastKnownFileType = file.storyboard; name = Base; path = Base.lproj/LaunchScreen.storyboard; sourceTree = "<group>"; };
		DC686A762836A8B200414DCF /* Info.plist */ = {isa = PBXFileReference; lastKnownFileType = text.plist.xml; path = Info.plist; sourceTree = "<group>"; };
		DC686A7D2836AC7E00414DCF /* nssl0049.jpg */ = {isa = PBXFileReference; lastKnownFileType = image.jpeg; path = nssl0049.jpg; sourceTree = "<group>"; };
		DC686A7E2836AC7E00414DCF /* nssl0041.jpg */ = {isa = PBXFileReference; lastKnownFileType = image.jpeg; path = nssl0041.jpg; sourceTree = "<group>"; };
		DC686A7F2836AC7E00414DCF /* nssl0051.jpg */ = {isa = PBXFileReference; lastKnownFileType = image.jpeg; path = nssl0051.jpg; sourceTree = "<group>"; };
		DC686A802836AC7E00414DCF /* nssl0091.jpg */ = {isa = PBXFileReference; lastKnownFileType = image.jpeg; path = nssl0091.jpg; sourceTree = "<group>"; };
		DC686A812836AC7E00414DCF /* nssl0045.jpg */ = {isa = PBXFileReference; lastKnownFileType = image.jpeg; path = nssl0045.jpg; sourceTree = "<group>"; };
		DC686A822836AC7E00414DCF /* nssl0042.jpg */ = {isa = PBXFileReference; lastKnownFileType = image.jpeg; path = nssl0042.jpg; sourceTree = "<group>"; };
		DC686A832836AC7E00414DCF /* nssl0034.jpg */ = {isa = PBXFileReference; lastKnownFileType = image.jpeg; path = nssl0034.jpg; sourceTree = "<group>"; };
		DC686A842836AC7E00414DCF /* nssl0033.jpg */ = {isa = PBXFileReference; lastKnownFileType = image.jpeg; path = nssl0033.jpg; sourceTree = "<group>"; };
		DC686A852836AC7E00414DCF /* nssl0043.jpg */ = {isa = PBXFileReference; lastKnownFileType = image.jpeg; path = nssl0043.jpg; sourceTree = "<group>"; };
		DC686A862836AC7E00414DCF /* nssl0046.jpg */ = {isa = PBXFileReference; lastKnownFileType = image.jpeg; path = nssl0046.jpg; sourceTree = "<group>"; };
/* End PBXFileReference section */

/* Begin PBXFrameworksBuildPhase section */
		DC686A622836A8B100414DCF /* Frameworks */ = {
			isa = PBXFrameworksBuildPhase;
			buildActionMask = 2147483647;
			files = (
			);
			runOnlyForDeploymentPostprocessing = 0;
		};
/* End PBXFrameworksBuildPhase section */

/* Begin PBXGroup section */
		DC686A5C2836A8B100414DCF = {
			isa = PBXGroup;
			children = (
				DC686A672836A8B100414DCF /* Stormy */,
				DC686A662836A8B100414DCF /* Products */,
			);
			sourceTree = "<group>";
		};
		DC686A662836A8B100414DCF /* Products */ = {
			isa = PBXGroup;
			children = (
				DC686A652836A8B100414DCF /* Stormy.app */,
			);
			name = Products;
			sourceTree = "<group>";
		};
		DC686A672836A8B100414DCF /* Stormy */ = {
			isa = PBXGroup;
			children = (
				DC686A7C2836A91300414DCF /* Content */,
				DC686A682836A8B100414DCF /* AppDelegate.swift */,
				DC686A6A2836A8B100414DCF /* SceneDelegate.swift */,
				DC686A6C2836A8B100414DCF /* ViewController.swift */,
				DC686A6E2836A8B100414DCF /* Main.storyboard */,
				DC686A712836A8B200414DCF /* Assets.xcassets */,
				DC686A732836A8B200414DCF /* LaunchScreen.storyboard */,
				DC686A762836A8B200414DCF /* Info.plist */,
			);
			path = Stormy;
			sourceTree = "<group>";
		};
		DC686A7C2836A91300414DCF /* Content */ = {
			isa = PBXGroup;
			children = (
				DC686A842836AC7E00414DCF /* nssl0033.jpg */,
				DC686A832836AC7E00414DCF /* nssl0034.jpg */,
				DC686A7E2836AC7E00414DCF /* nssl0041.jpg */,
				DC686A822836AC7E00414DCF /* nssl0042.jpg */,
				DC686A852836AC7E00414DCF /* nssl0043.jpg */,
				DC686A812836AC7E00414DCF /* nssl0045.jpg */,
				DC686A862836AC7E00414DCF /* nssl0046.jpg */,
				DC686A7D2836AC7E00414DCF /* nssl0049.jpg */,
				DC686A7F2836AC7E00414DCF /* nssl0051.jpg */,
				DC686A802836AC7E00414DCF /* nssl0091.jpg */,
			);
			path = Content;
			sourceTree = "<group>";
		};
/* End PBXGroup section */

/* Begin PBXNativeTarget section */
		DC686A642836A8B100414DCF /* Stormy */ = {
			isa = PBXNativeTarget;
			buildConfigurationList = DC686A792836A8B200414DCF /* Build configuration list for PBXNativeTarget "Stormy" */;
			buildPhases = (
				DC686A612836A8B100414DCF /* Sources */,
				DC686A622836A8B100414DCF /* Frameworks */,
				DC686A632836A8B100414DCF /* Resources */,
			);
			buildRules = (
			);
			dependencies = (
			);
			name = Stormy;
			productName = Stormy;
			productReference = DC686A652836A8B100414DCF /* Stormy.app */;
			productType = "com.apple.product-type.application";
		};
/* End PBXNativeTarget section */

/* Begin PBXProject section */
		DC686A5D2836A8B100414DCF /* Project object */ = {
			isa = PBXProject;
			attributes = {
				BuildIndependentTargetsInParallel = 1;
				LastSwiftUpdateCheck = 1340;
				LastUpgradeCheck = 1340;
				TargetAttributes = {
					DC686A642836A8B100414DCF = {
						CreatedOnToolsVersion = 13.4;
					};
				};
			};
			buildConfigurationList = DC686A602836A8B100414DCF /* Build configuration list for PBXProject "Stormy" */;
			compatibilityVersion = "Xcode 13.0";
			developmentRegion = en;
			hasScannedForEncodings = 0;
			knownRegions = (
				en,
				Base,
			);
			mainGroup = DC686A5C2836A8B100414DCF;
			productRefGroup = DC686A662836A8B100414DCF /* Products */;
			projectDirPath = "";
			projectRoot = "";
			targets = (
				DC686A642836A8B100414DCF /* Stormy */,
			);
		};
/* End PBXProject section */

/* Begin PBXResourcesBuildPhase section */
		DC686A632836A8B100414DCF /* Resources */ = {
			isa = PBXResourcesBuildPhase;
			buildActionMask = 2147483647;
			files = (
				DC686A8D2836AC7E00414DCF /* nssl0034.jpg in Resources */,
				DC686A8E2836AC7E00414DCF /* nssl0033.jpg in Resources */,
				DC686A882836AC7E00414DCF /* nssl0041.jpg in Resources */,
				DC686A892836AC7E00414DCF /* nssl0051.jpg in Resources */,
				DC686A902836AC7E00414DCF /* nssl0046.jpg in Resources */,
				DC686A872836AC7E00414DCF /* nssl0049.jpg in Resources */,
				DC686A752836A8B200414DCF /* LaunchScreen.storyboard in Resources */,
				DC686A8C2836AC7E00414DCF /* nssl0042.jpg in Resources */,
				DC686A8B2836AC7E00414DCF /* nssl0045.jpg in Resources */,
				DC686A722836A8B200414DCF /* Assets.xcassets in Resources */,
				DC686A8A2836AC7E00414DCF /* nssl0091.jpg in Resources */,
				DC686A8F2836AC7E00414DCF /* nssl0043.jpg in Resources */,
				DC686A702836A8B100414DCF /* Main.storyboard in Resources */,
			);
			runOnlyForDeploymentPostprocessing = 0;
		};
/* End PBXResourcesBuildPhase section */

/* Begin PBXSourcesBuildPhase section */
		DC686A612836A8B100414DCF /* Sources */ = {
			isa = PBXSourcesBuildPhase;
			buildActionMask = 2147483647;
			files = (
				DC686A6D2836A8B100414DCF /* ViewController.swift in Sources */,
				DC686A692836A8B100414DCF /* AppDelegate.swift in Sources */,
				DC686A6B2836A8B100414DCF /* SceneDelegate.swift in Sources */,
			);
			runOnlyForDeploymentPostprocessing = 0;
		};
/* End PBXSourcesBuildPhase section */

/* Begin PBXVariantGroup section */
		DC686A6E2836A8B100414DCF /* Main.storyboard */ = {
			isa = PBXVariantGroup;
			children = (
				DC686A6F2836A8B100414DCF /* Base */,
			);
			name = Main.storyboard;
			sourceTree = "<group>";
		};
		DC686A732836A8B200414DCF /* LaunchScreen.storyboard */ = {
			isa = PBXVariantGroup;
			children = (
				DC686A742836A8B200414DCF /* Base */,
			);
			name = LaunchScreen.storyboard;
			sourceTree = "<group>";
		};
/* End PBXVariantGroup section */

/* Begin XCBuildConfiguration section */
		DC686A772836A8B200414DCF /* Debug */ = {
			isa = XCBuildConfiguration;
			buildSettings = {
				ALWAYS_SEARCH_USER_PATHS = NO;
				CLANG_ANALYZER_NONNULL = YES;
				CLANG_ANALYZER_NUMBER_OBJECT_CONVERSION = YES_AGGRESSIVE;
				CLANG_CXX_LANGUAGE_STANDARD = "gnu++17";
				CLANG_ENABLE_MODULES = YES;
				CLANG_ENABLE_OBJC_ARC = YES;
				CLANG_ENABLE_OBJC_WEAK = YES;
				CLANG_WARN_BLOCK_CAPTURE_AUTORELEASING = YES;
				CLANG_WARN_BOOL_CONVERSION = YES;
				CLANG_WARN_COMMA = YES;
				CLANG_WARN_CONSTANT_CONVERSION = YES;
				CLANG_WARN_DEPRECATED_OBJC_IMPLEMENTATIONS = YES;
				CLANG_WARN_DIRECT_OBJC_ISA_USAGE = YES_ERROR;
				CLANG_WARN_DOCUMENTATION_COMMENTS = YES;
				CLANG_WARN_EMPTY_BODY = YES;
				CLANG_WARN_ENUM_CONVERSION = YES;
				CLANG_WARN_INFINITE_RECURSION = YES;
				CLANG_WARN_INT_CONVERSION = YES;
				CLANG_WARN_NON_LITERAL_NULL_CONVERSION = YES;
				CLANG_WARN_OBJC_IMPLICIT_RETAIN_SELF = YES;
				CLANG_WARN_OBJC_LITERAL_CONVERSION = YES;
				CLANG_WARN_OBJC_ROOT_CLASS = YES_ERROR;
				CLANG_WARN_QUOTED_INCLUDE_IN_FRAMEWORK_HEADER = YES;
				CLANG_WARN_RANGE_LOOP_ANALYSIS = YES;
				CLANG_WARN_STRICT_PROTOTYPES = YES;
				CLANG_WARN_SUSPICIOUS_MOVE = YES;
				CLANG_WARN_UNGUARDED_AVAILABILITY = YES_AGGRESSIVE;
				CLANG_WARN_UNREACHABLE_CODE = YES;
				CLANG_WARN__DUPLICATE_METHOD_MATCH = YES;
				COPY_PHASE_STRIP = NO;
				DEBUG_INFORMATION_FORMAT = dwarf;
				ENABLE_STRICT_OBJC_MSGSEND = YES;
				ENABLE_TESTABILITY = YES;
				GCC_C_LANGUAGE_STANDARD = gnu11;
				GCC_DYNAMIC_NO_PIC = NO;
				GCC_NO_COMMON_BLOCKS = YES;
				GCC_OPTIMIZATION_LEVEL = 0;
				GCC_PREPROCESSOR_DEFINITIONS = (
					"DEBUG=1",
					"$(inherited)",
				);
				GCC_WARN_64_TO_32_BIT_CONVERSION = YES;
				GCC_WARN_ABOUT_RETURN_TYPE = YES_ERROR;
				GCC_WARN_UNDECLARED_SELECTOR = YES;
				GCC_WARN_UNINITIALIZED_AUTOS = YES_AGGRESSIVE;
				GCC_WARN_UNUSED_FUNCTION = YES;
				GCC_WARN_UNUSED_VARIABLE = YES;
				IPHONEOS_DEPLOYMENT_TARGET = 15.5;
				MTL_ENABLE_DEBUG_INFO = INCLUDE_SOURCE;
				MTL_FAST_MATH = YES;
				ONLY_ACTIVE_ARCH = YES;
				SDKROOT = iphoneos;
				SWIFT_ACTIVE_COMPILATION_CONDITIONS = DEBUG;
				SWIFT_OPTIMIZATION_LEVEL = "-Onone";
			};
			name = Debug;
		};
		DC686A782836A8B200414DCF /* Release */ = {
			isa = XCBuildConfiguration;
			buildSettings = {
				ALWAYS_SEARCH_USER_PATHS = NO;
				CLANG_ANALYZER_NONNULL = YES;
				CLANG_ANALYZER_NUMBER_OBJECT_CONVERSION = YES_AGGRESSIVE;
				CLANG_CXX_LANGUAGE_STANDARD = "gnu++17";
				CLANG_ENABLE_MODULES = YES;
				CLANG_ENABLE_OBJC_ARC = YES;
				CLANG_ENABLE_OBJC_WEAK = YES;
				CLANG_WARN_BLOCK_CAPTURE_AUTORELEASING = YES;
				CLANG_WARN_BOOL_CONVERSION = YES;
				CLANG_WARN_COMMA = YES;
				CLANG_WARN_CONSTANT_CONVERSION = YES;
				CLANG_WARN_DEPRECATED_OBJC_IMPLEMENTATIONS = YES;
				CLANG_WARN_DIRECT_OBJC_ISA_USAGE = YES_ERROR;
				CLANG_WARN_DOCUMENTATION_COMMENTS = YES;
				CLANG_WARN_EMPTY_BODY = YES;
				CLANG_WARN_ENUM_CONVERSION = YES;
				CLANG_WARN_INFINITE_RECURSION = YES;
				CLANG_WARN_INT_CONVERSION = YES;
				CLANG_WARN_NON_LITERAL_NULL_CONVERSION = YES;
				CLANG_WARN_OBJC_IMPLICIT_RETAIN_SELF = YES;
				CLANG_WARN_OBJC_LITERAL_CONVERSION = YES;
				CLANG_WARN_OBJC_ROOT_CLASS = YES_ERROR;
				CLANG_WARN_QUOTED_INCLUDE_IN_FRAMEWORK_HEADER = YES;
				CLANG_WARN_RANGE_LOOP_ANALYSIS = YES;
				CLANG_WARN_STRICT_PROTOTYPES = YES;
				CLANG_WARN_SUSPICIOUS_MOVE = YES;
				CLANG_WARN_UNGUARDED_AVAILABILITY = YES_AGGRESSIVE;
				CLANG_WARN_UNREACHABLE_CODE = YES;
				CLANG_WARN__DUPLICATE_METHOD_MATCH = YES;
				COPY_PHASE_STRIP = NO;
				DEBUG_INFORMATION_FORMAT = "dwarf-with-dsym";
				ENABLE_NS_ASSERTIONS = NO;
				ENABLE_STRICT_OBJC_MSGSEND = YES;
				GCC_C_LANGUAGE_STANDARD = gnu11;
				GCC_NO_COMMON_BLOCKS = YES;
				GCC_WARN_64_TO_32_BIT_CONVERSION = YES;
				GCC_WARN_ABOUT_RETURN_TYPE = YES_ERROR;
				GCC_WARN_UNDECLARED_SELECTOR = YES;
				GCC_WARN_UNINITIALIZED_AUTOS = YES_AGGRESSIVE;
				GCC_WARN_UNUSED_FUNCTION = YES;
				GCC_WARN_UNUSED_VARIABLE = YES;
				IPHONEOS_DEPLOYMENT_TARGET = 15.5;
				MTL_ENABLE_DEBUG_INFO = NO;
				MTL_FAST_MATH = YES;
				SDKROOT = iphoneos;
				SWIFT_COMPILATION_MODE = wholemodule;
				SWIFT_OPTIMIZATION_LEVEL = "-O";
				VALIDATE_PRODUCT = YES;
			};
			name = Release;
		};
		DC686A7A2836A8B200414DCF /* Debug */ = {
			isa = XCBuildConfiguration;
			buildSettings = {
				ASSETCATALOG_COMPILER_APPICON_NAME = AppIcon;
				ASSETCATALOG_COMPILER_GLOBAL_ACCENT_COLOR_NAME = AccentColor;
				CODE_SIGN_STYLE = Automatic;
				CURRENT_PROJECT_VERSION = 1;
				DEVELOPMENT_TEAM = 9786TSAYF2;
				GENERATE_INFOPLIST_FILE = YES;
				INFOPLIST_FILE = Stormy/Info.plist;
				INFOPLIST_KEY_UIApplicationSupportsIndirectInputEvents = YES;
				INFOPLIST_KEY_UILaunchStoryboardName = LaunchScreen;
				INFOPLIST_KEY_UIMainStoryboardFile = Main;
				INFOPLIST_KEY_UISupportedInterfaceOrientations_iPad = "UIInterfaceOrientationPortrait UIInterfaceOrientationPortraitUpsideDown UIInterfaceOrientationLandscapeLeft UIInterfaceOrientationLandscapeRight";
				INFOPLIST_KEY_UISupportedInterfaceOrientations_iPhone = "UIInterfaceOrientationPortrait UIInterfaceOrientationLandscapeLeft UIInterfaceOrientationLandscapeRight";
				LD_RUNPATH_SEARCH_PATHS = (
					"$(inherited)",
					"@executable_path/Frameworks",
				);
				MARKETING_VERSION = 1.0;
				PRODUCT_BUNDLE_IDENTIFIER = Kamonpan.Stormy;
				PRODUCT_NAME = "$(TARGET_NAME)";
				SWIFT_EMIT_LOC_STRINGS = YES;
				SWIFT_VERSION = 5.0;
				TARGETED_DEVICE_FAMILY = "1,2";
			};
			name = Debug;
		};
		DC686A7B2836A8B200414DCF /* Release */ = {
			isa = XCBuildConfiguration;
			buildSettings = {
				ASSETCATALOG_COMPILER_APPICON_NAME = AppIcon;
				ASSETCATALOG_COMPILER_GLOBAL_ACCENT_COLOR_NAME = AccentColor;
				CODE_SIGN_STYLE = Automatic;
				CURRENT_PROJECT_VERSION = 1;
				DEVELOPMENT_TEAM = 9786TSAYF2;
				GENERATE_INFOPLIST_FILE = YES;
				INFOPLIST_FILE = Stormy/Info.plist;
				INFOPLIST_KEY_UIApplicationSupportsIndirectInputEvents = YES;
				INFOPLIST_KEY_UILaunchStoryboardName = LaunchScreen;
				INFOPLIST_KEY_UIMainStoryboardFile = Main;
				INFOPLIST_KEY_UISupportedInterfaceOrientations_iPad = "UIInterfaceOrientationPortrait UIInterfaceOrientationPortraitUpsideDown UIInterfaceOrientationLandscapeLeft UIInterfaceOrientationLandscapeRight";
				INFOPLIST_KEY_UISupportedInterfaceOrientations_iPhone = "UIInterfaceOrientationPortrait UIInterfaceOrientationLandscapeLeft UIInterfaceOrientationLandscapeRight";
				LD_RUNPATH_SEARCH_PATHS = (
					"$(inherited)",
					"@executable_path/Frameworks",
				);
				MARKETING_VERSION = 1.0;
				PRODUCT_BUNDLE_IDENTIFIER = Kamonpan.Stormy;
				PRODUCT_NAME = "$(TARGET_NAME)";
				SWIFT_EMIT_LOC_STRINGS = YES;
				SWIFT_VERSION = 5.0;
				TARGETED_DEVICE_FAMILY = "1,2";
			};
			name = Release;
		};
/* End XCBuildConfiguration section */

/* Begin XCConfigurationList section */
		DC686A602836A8B100414DCF /* Build configuration list for PBXProject "Stormy" */ = {
			isa = XCConfigurationList;
			buildConfigurations = (
				DC686A772836A8B200414DCF /* Debug */,
				DC686A782836A8B200414DCF /* Release */,
			);
			defaultConfigurationIsVisible = 0;
			defaultConfigurationName = Release;
		};
		DC686A792836A8B200414DCF /* Build configuration list for PBXNativeTarget "Stormy" */ = {
			isa = XCConfigurationList;
			buildConfigurations = (
				DC686A7A2836A8B200414DCF /* Debug */,
				DC686A7B2836A8B200414DCF /* Release */,
			);
			defaultConfigurationIsVisible = 0;
			defaultConfigurationName = Release;
		};
/* End XCConfigurationList section */
	};
	rootObject = DC686A5D2836A8B100414DCF /* Project object */;
}
